
Microsoft Visual Studio Solution File, Format Version 12.00
# Visual Studio Version 17
VisualStudioVersion = 17.10.35122.118
MinimumVisualStudioVersion = 10.0.40219.1
Project("{FAE04EC0-301F-11D3-BF4B-00C04F79EFBC}") = "Pyramid", "Pyramid.csproj", "{514014CC-55D2-4E69-86ED-891993138EEB}"
EndProject
Global
	GlobalSection(SolutionConfigurationPlatforms) = preSolution
		Debug|Any CPU = Debug|Any CPU
		Release|Any CPU = Release|Any CPU
	EndGlobalSection
	GlobalSection(ProjectConfigurationPlatforms) = postSolution
		{514014CC-55D2-4E69-86ED-891993138EEB}.Debug|Any CPU.ActiveCfg = Debug|Any CPU
		{514014CC-55D2-4E69-86ED-891993138EEB}.Debug|Any CPU.Build.0 = Debug|Any CPU
		{514014CC-55D2-4E69-86ED-891993138EEB}.Release|Any CPU.ActiveCfg = Release|Any CPU
		{514014CC-55D2-4E69-86ED-891993138EEB}.Release|Any CPU.Build.0 = Release|Any CPU
	EndGlobalSection
	GlobalSection(SolutionProperties) = preSolution
		HideSolutionNode = FALSE
	EndGlobalSection
	GlobalSection(ExtensibilityGlobals) = postSolution
		SolutionGuid = {3AB8F84D-5DD6-4120-BA91-17443439B4E7}
	EndGlobalSection
EndGlobal
